
Microsoft Visual Studio Solution File, Format Version 12.00
# Visual Studio 15
VisualStudioVersion = 15.0.27703.2047
MinimumVisualStudioVersion = 10.0.40219.1
Project("{8BC9CEB8-8B4A-11D0-8D11-00A0C91BC942}") = "PP01.HelloSDL", "PP01.HelloSDL\PP01.HelloSDL.vcxproj", "{BEE2142E-53CE-4A63-A703-B55F399067A9}"
EndProject
Project("{8BC9CEB8-8B4A-11D0-8D11-00A0C91BC942}") = "PP02.BreakUpHelloSDL", "PP02.BreakUpHelloSDL\PP02.BreakUpHelloSDL.vcxproj", "{C5E44726-5BE5-46EB-9AA8-1F5911674967}"
EndProject
Project("{8BC9CEB8-8B4A-11D0-8D11-00A0C91BC942}") = "PP03.GameClass", "PP03.GameClass\PP03.GameClass.vcxproj", "{6CBBF661-ACB8-4482-83DB-B9E56932C31C}"
EndProject
Project("{8BC9CEB8-8B4A-11D0-8D11-00A0C91BC942}") = "PP04.BasicDrawing", "PP04.BasicDrawing\PP04.BasicDrawing.vcxproj", "{AE0F7FC5-B8D5-4A91-BA74-1177B1E6A517}"
EndProject
Project("{8BC9CEB8-8B4A-11D0-8D11-00A0C91BC942}") = "PP05.AnimatingSprite", "PP05.AnimatingSprite\PP05.AnimatingSprite.vcxproj", "{8DA15673-58EC-4499-BB44-E4D5EE542990}"
EndProject
Project("{8BC9CEB8-8B4A-11D0-8D11-00A0C91BC942}") = "PP06.ImageSprite", "PP06.ImageSprite\PP06.ImageSprite.vcxproj", "{4C378C35-F949-4800-9E71-D1F38F570E84}"
EndProject
Project("{8BC9CEB8-8B4A-11D0-8D11-00A0C91BC942}") = "PP07.TextureManager", "PP07.TextureManager\PP07.TextureManager.vcxproj", "{76E3F016-8AEC-4F18-A03C-4964A33A0436}"
EndProject
Project("{8BC9CEB8-8B4A-11D0-8D11-00A0C91BC942}") = "PP08.SingletonTM", "PP08.SingletonTM\PP08.SingletonTM.vcxproj", "{5AFB1FE7-CE62-4830-9E29-4E37DF0C3059}"
EndProject
Project("{8BC9CEB8-8B4A-11D0-8D11-00A0C91BC942}") = "PP09.Inheritance", "PP09.Inheritance\PP09.Inheritance.vcxproj", "{3BFD54AE-C182-4188-A3B5-EA4ECE66F530}"
EndProject
Project("{8BC9CEB8-8B4A-11D0-8D11-00A0C91BC942}") = "PP10.Polymorphism", "PP10.Polymorphism\PP10.Polymorphism.vcxproj", "{D213A46B-BBBA-44D5-8860-52E4405A6ADF}"
EndProject
Project("{8BC9CEB8-8B4A-11D0-8D11-00A0C91BC942}") = "PP11.AbstractClass", "Project1\Project1.vcxproj", "{05184231-B58F-429F-8A29-F61EE451556E}"
EndProject
Project("{8BC9CEB8-8B4A-11D0-8D11-00A0C91BC942}") = "PP12.Vector2D", "PP12.Vector2D\PP12.Vector2D.vcxproj", "{C5709011-5FFC-40BB-8AD9-44D229E4010C}"
EndProject
Project("{8BC9CEB8-8B4A-11D0-8D11-00A0C91BC942}") = "PP13.KInputHandler", "PP13.KInputHandler\PP13.KInputHandler.vcxproj", "{61C9BD55-AB0C-4909-B402-DEFA2BFD6646}"
EndProject
Global
	GlobalSection(SolutionConfigurationPlatforms) = preSolution
		Debug|x64 = Debug|x64
		Debug|x86 = Debug|x86
		Release|x64 = Release|x64
		Release|x86 = Release|x86
	EndGlobalSection
	GlobalSection(ProjectConfigurationPlatforms) = postSolution
		{BEE2142E-53CE-4A63-A703-B55F399067A9}.Debug|x64.ActiveCfg = Debug|x64
		{BEE2142E-53CE-4A63-A703-B55F399067A9}.Debug|x64.Build.0 = Debug|x64
		{BEE2142E-53CE-4A63-A703-B55F399067A9}.Debug|x86.ActiveCfg = Debug|Win32
		{BEE2142E-53CE-4A63-A703-B55F399067A9}.Debug|x86.Build.0 = Debug|Win32
		{BEE2142E-53CE-4A63-A703-B55F399067A9}.Release|x64.ActiveCfg = Release|x64
		{BEE2142E-53CE-4A63-A703-B55F399067A9}.Release|x64.Build.0 = Release|x64
		{BEE2142E-53CE-4A63-A703-B55F399067A9}.Release|x86.ActiveCfg = Release|Win32
		{BEE2142E-53CE-4A63-A703-B55F399067A9}.Release|x86.Build.0 = Release|Win32
		{C5E44726-5BE5-46EB-9AA8-1F5911674967}.Debug|x64.ActiveCfg = Debug|x64
		{C5E44726-5BE5-46EB-9AA8-1F5911674967}.Debug|x64.Build.0 = Debug|x64
		{C5E44726-5BE5-46EB-9AA8-1F5911674967}.Debug|x86.ActiveCfg = Debug|Win32
		{C5E44726-5BE5-46EB-9AA8-1F5911674967}.Debug|x86.Build.0 = Debug|Win32
		{C5E44726-5BE5-46EB-9AA8-1F5911674967}.Release|x64.ActiveCfg = Release|x64
		{C5E44726-5BE5-46EB-9AA8-1F5911674967}.Release|x64.Build.0 = Release|x64
		{C5E44726-5BE5-46EB-9AA8-1F5911674967}.Release|x86.ActiveCfg = Release|Win32
		{C5E44726-5BE5-46EB-9AA8-1F5911674967}.Release|x86.Build.0 = Release|Win32
		{6CBBF661-ACB8-4482-83DB-B9E56932C31C}.Debug|x64.ActiveCfg = Debug|x64
		{6CBBF661-ACB8-4482-83DB-B9E56932C31C}.Debug|x64.Build.0 = Debug|x64
		{6CBBF661-ACB8-4482-83DB-B9E56932C31C}.Debug|x86.ActiveCfg = Debug|Win32
		{6CBBF661-ACB8-4482-83DB-B9E56932C31C}.Debug|x86.Build.0 = Debug|Win32
		{6CBBF661-ACB8-4482-83DB-B9E56932C31C}.Release|x64.ActiveCfg = Release|x64
		{6CBBF661-ACB8-4482-83DB-B9E56932C31C}.Release|x64.Build.0 = Release|x64
		{6CBBF661-ACB8-4482-83DB-B9E56932C31C}.Release|x86.ActiveCfg = Release|Win32
		{6CBBF661-ACB8-4482-83DB-B9E56932C31C}.Release|x86.Build.0 = Release|Win32
		{AE0F7FC5-B8D5-4A91-BA74-1177B1E6A517}.Debug|x64.ActiveCfg = Debug|x64
		{AE0F7FC5-B8D5-4A91-BA74-1177B1E6A517}.Debug|x64.Build.0 = Debug|x64
		{AE0F7FC5-B8D5-4A91-BA74-1177B1E6A517}.Debug|x86.ActiveCfg = Debug|Win32
		{AE0F7FC5-B8D5-4A91-BA74-1177B1E6A517}.Debug|x86.Build.0 = Debug|Win32
		{AE0F7FC5-B8D5-4A91-BA74-1177B1E6A517}.Release|x64.ActiveCfg = Release|x64
		{AE0F7FC5-B8D5-4A91-BA74-1177B1E6A517}.Release|x64.Build.0 = Release|x64
		{AE0F7FC5-B8D5-4A91-BA74-1177B1E6A517}.Release|x86.ActiveCfg = Release|Win32
		{AE0F7FC5-B8D5-4A91-BA74-1177B1E6A517}.Release|x86.Build.0 = Release|Win32
		{8DA15673-58EC-4499-BB44-E4D5EE542990}.Debug|x64.ActiveCfg = Debug|x64
		{8DA15673-58EC-4499-BB44-E4D5EE542990}.Debug|x64.Build.0 = Debug|x64
		{8DA15673-58EC-4499-BB44-E4D5EE542990}.Debug|x86.ActiveCfg = Debug|Win32
		{8DA15673-58EC-4499-BB44-E4D5EE542990}.Debug|x86.Build.0 = Debug|Win32
		{8DA15673-58EC-4499-BB44-E4D5EE542990}.Release|x64.ActiveCfg = Release|x64
		{8DA15673-58EC-4499-BB44-E4D5EE542990}.Release|x64.Build.0 = Release|x64
		{8DA15673-58EC-4499-BB44-E4D5EE542990}.Release|x86.ActiveCfg = Release|Win32
		{8DA15673-58EC-4499-BB44-E4D5EE542990}.Release|x86.Build.0 = Release|Win32
		{4C378C35-F949-4800-9E71-D1F38F570E84}.Debug|x64.ActiveCfg = Debug|x64
		{4C378C35-F949-4800-9E71-D1F38F570E84}.Debug|x64.Build.0 = Debug|x64
		{4C378C35-F949-4800-9E71-D1F38F570E84}.Debug|x86.ActiveCfg = Debug|Win32
		{4C378C35-F949-4800-9E71-D1F38F570E84}.Debug|x86.Build.0 = Debug|Win32
		{4C378C35-F949-4800-9E71-D1F38F570E84}.Release|x64.ActiveCfg = Release|x64
		{4C378C35-F949-4800-9E71-D1F38F570E84}.Release|x64.Build.0 = Release|x64
		{4C378C35-F949-4800-9E71-D1F38F570E84}.Release|x86.ActiveCfg = Release|Win32
		{4C378C35-F949-4800-9E71-D1F38F570E84}.Release|x86.Build.0 = Release|Win32
		{76E3F016-8AEC-4F18-A03C-4964A33A0436}.Debug|x64.ActiveCfg = Debug|x64
		{76E3F016-8AEC-4F18-A03C-4964A33A0436}.Debug|x64.Build.0 = Debug|x64
		{76E3F016-8AEC-4F18-A03C-4964A33A0436}.Debug|x86.ActiveCfg = Debug|Win32
		{76E3F016-8AEC-4F18-A03C-4964A33A0436}.Debug|x86.Build.0 = Debug|Win32
		{76E3F016-8AEC-4F18-A03C-4964A33A0436}.Release|x64.ActiveCfg = Release|x64
		{76E3F016-8AEC-4F18-A03C-4964A33A0436}.Release|x64.Build.0 = Release|x64
		{76E3F016-8AEC-4F18-A03C-4964A33A0436}.Release|x86.ActiveCfg = Release|Win32
		{76E3F016-8AEC-4F18-A03C-4964A33A0436}.Release|x86.Build.0 = Release|Win32
		{5AFB1FE7-CE62-4830-9E29-4E37DF0C3059}.Debug|x64.ActiveCfg = Debug|x64
		{5AFB1FE7-CE62-4830-9E29-4E37DF0C3059}.Debug|x64.Build.0 = Debug|x64
		{5AFB1FE7-CE62-4830-9E29-4E37DF0C3059}.Debug|x86.ActiveCfg = Debug|Win32
		{5AFB1FE7-CE62-4830-9E29-4E37DF0C3059}.Debug|x86.Build.0 = Debug|Win32
		{5AFB1FE7-CE62-4830-9E29-4E37DF0C3059}.Release|x64.ActiveCfg = Release|x64
		{5AFB1FE7-CE62-4830-9E29-4E37DF0C3059}.Release|x64.Build.0 = Release|x64
		{5AFB1FE7-CE62-4830-9E29-4E37DF0C3059}.Release|x86.ActiveCfg = Release|Win32
		{5AFB1FE7-CE62-4830-9E29-4E37DF0C3059}.Release|x86.Build.0 = Release|Win32
		{3BFD54AE-C182-4188-A3B5-EA4ECE66F530}.Debug|x64.ActiveCfg = Debug|x64
		{3BFD54AE-C182-4188-A3B5-EA4ECE66F530}.Debug|x64.Build.0 = Debug|x64
		{3BFD54AE-C182-4188-A3B5-EA4ECE66F530}.Debug|x86.ActiveCfg = Debug|Win32
		{3BFD54AE-C182-4188-A3B5-EA4ECE66F530}.Debug|x86.Build.0 = Debug|Win32
		{3BFD54AE-C182-4188-A3B5-EA4ECE66F530}.Release|x64.ActiveCfg = Release|x64
		{3BFD54AE-C182-4188-A3B5-EA4ECE66F530}.Release|x64.Build.0 = Release|x64
		{3BFD54AE-C182-4188-A3B5-EA4ECE66F530}.Release|x86.ActiveCfg = Release|Win32
		{3BFD54AE-C182-4188-A3B5-EA4ECE66F530}.Release|x86.Build.0 = Release|Win32
		{D213A46B-BBBA-44D5-8860-52E4405A6ADF}.Debug|x64.ActiveCfg = Debug|x64
		{D213A46B-BBBA-44D5-8860-52E4405A6ADF}.Debug|x64.Build.0 = Debug|x64
		{D213A46B-BBBA-44D5-8860-52E4405A6ADF}.Debug|x86.ActiveCfg = Debug|Win32
		{D213A46B-BBBA-44D5-8860-52E4405A6ADF}.Debug|x86.Build.0 = Debug|Win32
		{D213A46B-BBBA-44D5-8860-52E4405A6ADF}.Release|x64.ActiveCfg = Release|x64
		{D213A46B-BBBA-44D5-8860-52E4405A6ADF}.Release|x64.Build.0 = Release|x64
		{D213A46B-BBBA-44D5-8860-52E4405A6ADF}.Release|x86.ActiveCfg = Release|Win32
		{D213A46B-BBBA-44D5-8860-52E4405A6ADF}.Release|x86.Build.0 = Release|Win32
		{05184231-B58F-429F-8A29-F61EE451556E}.Debug|x64.ActiveCfg = Debug|x64
		{05184231-B58F-429F-8A29-F61EE451556E}.Debug|x64.Build.0 = Debug|x64
		{05184231-B58F-429F-8A29-F61EE451556E}.Debug|x86.ActiveCfg = Debug|Win32
		{05184231-B58F-429F-8A29-F61EE451556E}.Debug|x86.Build.0 = Debug|Win32
		{05184231-B58F-429F-8A29-F61EE451556E}.Release|x64.ActiveCfg = Release|x64
		{05184231-B58F-429F-8A29-F61EE451556E}.Release|x64.Build.0 = Release|x64
		{05184231-B58F-429F-8A29-F61EE451556E}.Release|x86.ActiveCfg = Release|Win32
		{05184231-B58F-429F-8A29-F61EE451556E}.Release|x86.Build.0 = Release|Win32
		{C5709011-5FFC-40BB-8AD9-44D229E4010C}.Debug|x64.ActiveCfg = Debug|x64
		{C5709011-5FFC-40BB-8AD9-44D229E4010C}.Debug|x64.Build.0 = Debug|x64
		{C5709011-5FFC-40BB-8AD9-44D229E4010C}.Debug|x86.ActiveCfg = Debug|Win32
		{C5709011-5FFC-40BB-8AD9-44D229E4010C}.Debug|x86.Build.0 = Debug|Win32
		{C5709011-5FFC-40BB-8AD9-44D229E4010C}.Release|x64.ActiveCfg = Release|x64
		{C5709011-5FFC-40BB-8AD9-44D229E4010C}.Release|x64.Build.0 = Release|x64
		{C5709011-5FFC-40BB-8AD9-44D229E4010C}.Release|x86.ActiveCfg = Release|Win32
		{C5709011-5FFC-40BB-8AD9-44D229E4010C}.Release|x86.Build.0 = Release|Win32
		{61C9BD55-AB0C-4909-B402-DEFA2BFD6646}.Debug|x64.ActiveCfg = Debug|x64
		{61C9BD55-AB0C-4909-B402-DEFA2BFD6646}.Debug|x64.Build.0 = Debug|x64
		{61C9BD55-AB0C-4909-B402-DEFA2BFD6646}.Debug|x86.ActiveCfg = Debug|Win32
		{61C9BD55-AB0C-4909-B402-DEFA2BFD6646}.Debug|x86.Build.0 = Debug|Win32
		{61C9BD55-AB0C-4909-B402-DEFA2BFD6646}.Release|x64.ActiveCfg = Release|x64
		{61C9BD55-AB0C-4909-B402-DEFA2BFD6646}.Release|x64.Build.0 = Release|x64
		{61C9BD55-AB0C-4909-B402-DEFA2BFD6646}.Release|x86.ActiveCfg = Release|Win32
		{61C9BD55-AB0C-4909-B402-DEFA2BFD6646}.Release|x86.Build.0 = Release|Win32
	EndGlobalSection
	GlobalSection(SolutionProperties) = preSolution
		HideSolutionNode = FALSE
	EndGlobalSection
	GlobalSection(ExtensibilityGlobals) = postSolution
		SolutionGuid = {FF13D5CD-1E1B-4DF9-98C1-77EE5020F98A}
	EndGlobalSection
EndGlobal
